
Microsoft Visual Studio Solution File, Format Version 12.00
# Visual Studio Version 17
VisualStudioVersion = 17.11.35208.52
MinimumVisualStudioVersion = 10.0.40219.1
Project("{FAE04EC0-301F-11D3-BF4B-00C04F79EFBC}") = "c-sharp-write-lists", "c-sharp-write-lists\c-sharp-write-lists.csproj", "{DCB36863-50F4-4CED-B343-1D209EDA3A96}"
EndProject
Global
	GlobalSection(SolutionConfigurationPlatforms) = preSolution
		Debug|Any CPU = Debug|Any CPU
		Release|Any CPU = Release|Any CPU
	EndGlobalSection
	GlobalSection(ProjectConfigurationPlatforms) = postSolution
		{DCB36863-50F4-4CED-B343-1D209EDA3A96}.Debug|Any CPU.ActiveCfg = Debug|Any CPU
		{DCB36863-50F4-4CED-B343-1D209EDA3A96}.Debug|Any CPU.Build.0 = Debug|Any CPU
		{DCB36863-50F4-4CED-B343-1D209EDA3A96}.Release|Any CPU.ActiveCfg = Release|Any CPU
		{DCB36863-50F4-4CED-B343-1D209EDA3A96}.Release|Any CPU.Build.0 = Release|Any CPU
	EndGlobalSection
	GlobalSection(SolutionProperties) = preSolution
		HideSolutionNode = FALSE
	EndGlobalSection
	GlobalSection(ExtensibilityGlobals) = postSolution
		SolutionGuid = {2D720217-6FF7-468C-B2A8-0358F0D146C9}
	EndGlobalSection
EndGlobal
